
Microsoft Visual Studio Solution File, Format Version 12.00
# Visual Studio Version 17
VisualStudioVersion = 17.0.31912.275
MinimumVisualStudioVersion = 10.0.40219.1
Project("{9A19103F-16F7-4668-BE54-9A1E7A4F7556}") = "FALCON", "FALCON.csproj", "{57F362C2-16B2-417D-B5AB-5952F4A427CA}"
EndProject
Project("{9A19103F-16F7-4668-BE54-9A1E7A4F7556}") = "BAVCL", "..\BAVCL\BAVCL\BAVCL.csproj", "{79F750A5-15CB-4A49-9117-6AAA9B49A38B}"
EndProject
Global
	GlobalSection(SolutionConfigurationPlatforms) = preSolution
		Debug|Any CPU = Debug|Any CPU
		Debug|x64 = Debug|x64
		Release|Any CPU = Release|Any CPU
		Release|x64 = Release|x64
	EndGlobalSection
	GlobalSection(ProjectConfigurationPlatforms) = postSolution
		{57F362C2-16B2-417D-B5AB-5952F4A427CA}.Debug|Any CPU.ActiveCfg = Debug|Any CPU
		{57F362C2-16B2-417D-B5AB-5952F4A427CA}.Debug|Any CPU.Build.0 = Debug|Any CPU
		{57F362C2-16B2-417D-B5AB-5952F4A427CA}.Debug|x64.ActiveCfg = Debug|x64
		{57F362C2-16B2-417D-B5AB-5952F4A427CA}.Debug|x64.Build.0 = Debug|x64
		{57F362C2-16B2-417D-B5AB-5952F4A427CA}.Release|Any CPU.ActiveCfg = Release|Any CPU
		{57F362C2-16B2-417D-B5AB-5952F4A427CA}.Release|Any CPU.Build.0 = Release|Any CPU
		{57F362C2-16B2-417D-B5AB-5952F4A427CA}.Release|x64.ActiveCfg = Release|x64
		{57F362C2-16B2-417D-B5AB-5952F4A427CA}.Release|x64.Build.0 = Release|x64
		{79F750A5-15CB-4A49-9117-6AAA9B49A38B}.Debug|Any CPU.ActiveCfg = Debug|Any CPU
		{79F750A5-15CB-4A49-9117-6AAA9B49A38B}.Debug|Any CPU.Build.0 = Debug|Any CPU
		{79F750A5-15CB-4A49-9117-6AAA9B49A38B}.Debug|x64.ActiveCfg = Debug|Any CPU
		{79F750A5-15CB-4A49-9117-6AAA9B49A38B}.Debug|x64.Build.0 = Debug|Any CPU
		{79F750A5-15CB-4A49-9117-6AAA9B49A38B}.Release|Any CPU.ActiveCfg = Release|Any CPU
		{79F750A5-15CB-4A49-9117-6AAA9B49A38B}.Release|Any CPU.Build.0 = Release|Any CPU
		{79F750A5-15CB-4A49-9117-6AAA9B49A38B}.Release|x64.ActiveCfg = Release|Any CPU
		{79F750A5-15CB-4A49-9117-6AAA9B49A38B}.Release|x64.Build.0 = Release|Any CPU
	EndGlobalSection
	GlobalSection(SolutionProperties) = preSolution
		HideSolutionNode = FALSE
	EndGlobalSection
	GlobalSection(ExtensibilityGlobals) = postSolution
		SolutionGuid = {06164761-92C5-4A43-80BC-B176089D7EF7}
	EndGlobalSection
EndGlobal
